
Microsoft Visual Studio Solution File, Format Version 12.00
# Visual Studio Version 16
VisualStudioVersion = 16.0.30611.23
MinimumVisualStudioVersion = 10.0.40219.1
Project("{FAE04EC0-301F-11D3-BF4B-00C04F79EFBC}") = "AlgorithmComparer", "AlgorithmComparer\AlgorithmComparer.csproj", "{F30B8E16-A317-4484-98D8-306EA0FA1852}"
EndProject
Global
	GlobalSection(SolutionConfigurationPlatforms) = preSolution
		Debug|Any CPU = Debug|Any CPU
		Release|Any CPU = Release|Any CPU
	EndGlobalSection
	GlobalSection(ProjectConfigurationPlatforms) = postSolution
		{F30B8E16-A317-4484-98D8-306EA0FA1852}.Debug|Any CPU.ActiveCfg = Debug|Any CPU
		{F30B8E16-A317-4484-98D8-306EA0FA1852}.Debug|Any CPU.Build.0 = Debug|Any CPU
		{F30B8E16-A317-4484-98D8-306EA0FA1852}.Release|Any CPU.ActiveCfg = Release|Any CPU
		{F30B8E16-A317-4484-98D8-306EA0FA1852}.Release|Any CPU.Build.0 = Release|Any CPU
	EndGlobalSection
	GlobalSection(SolutionProperties) = preSolution
		HideSolutionNode = FALSE
	EndGlobalSection
	GlobalSection(ExtensibilityGlobals) = postSolution
		SolutionGuid = {A76720B6-4749-4977-BAEC-BBC92A71368F}
	EndGlobalSection
EndGlobal
